dependencies:
  espressif/coap:
    dependencies:
    - name: idf
      version: '>=4.4'
    source:
      path: ../Nivel_Agua/managed_components/espressif__coap
      type: local
    version: 4.3.5~6
  idf:
    source:
      type: idf
    version: 6.0.0
direct_dependencies:
- espressif/coap
- idf
manifest_hash: 8006322d0378429fc6d7763311cc65c75ab0bda9620913c4f1ea509d5e513556
target: esp32c6
version: 3.0.0
