dependencies:
  espressif/coap:
    dependencies:
    - name: idf
      version: '>=4.4'
    source:
      path: managed_components/espressif__coap
      type: local
    version: 4.3.5~6
  idf:
    source:
      type: idf
    version: 6.0.0
direct_dependencies:
- espressif/coap
- idf
manifest_hash: c5edaa1a8210986981009b91a236417c4e28625cd8dfdb23625e8910d55058a3
target: esp32c6
version: 3.0.0
